// !$*UTF8*$!
{
	archiveVersion = 1;
	classes = {
	};
	objectVersion = 46;
	objects = {

/* Begin PBXBuildFile section */
		071BB4FB0FAB832FFDBC3888 /* Pods_JJNetwork.framework in Frameworks */ = {isa = PBXBuildFile; fileRef = 7221CB53D12F96CAC74AFE14 /* Pods_JJNetwork.framework */; };
		611E5A981F66D42800FAF5BD /* DomainModule.m in Sources */ = {isa = PBXBuildFile; fileRef = 611E5A971F66D42800FAF5BD /* DomainModule.m */; };
		61237DB71F2F315700889CD1 /* DemoRequest.m in Sources */ = {isa = PBXBuildFile; fileRef = 61237DB61F2F315700889CD1 /* DemoRequest.m */; };
		61237DC01F30798400889CD1 /* JJAPIManager.m in Sources */ = {isa = PBXBuildFile; fileRef = 61237DBF1F30798400889CD1 /* JJAPIManager.m */; };
		6164057A1F2E159300CA819D /* main.m in Sources */ = {isa = PBXBuildFile; fileRef = 616405791F2E159300CA819D /* main.m */; };
		6164057D1F2E159300CA819D /* AppDelegate.m in Sources */ = {isa = PBXBuildFile; fileRef = 6164057C1F2E159300CA819D /* AppDelegate.m */; };
		616405801F2E159300CA819D /* DemoViewController.m in Sources */ = {isa = PBXBuildFile; fileRef = 6164057F1F2E159300CA819D /* DemoViewController.m */; };
		616405831F2E159300CA819D /* Main.storyboard in Resources */ = {isa = PBXBuildFile; fileRef = 616405811F2E159300CA819D /* Main.storyboard */; };
		616405851F2E159300CA819D /* Assets.xcassets in Resources */ = {isa = PBXBuildFile; fileRef = 616405841F2E159300CA819D /* Assets.xcassets */; };
		616405881F2E159300CA819D /* LaunchScreen.storyboard in Resources */ = {isa = PBXBuildFile; fileRef = 616405861F2E159300CA819D /* LaunchScreen.storyboard */; };
		618384D01FD6826E00450D56 /* JJAPIRequest+Extension.m in Sources */ = {isa = PBXBuildFile; fileRef = 618384CF1FD6826E00450D56 /* JJAPIRequest+Extension.m */; };
		618384D11FD7E4FE00450D56 /* JJAPIModule.h in Headers */ = {isa = PBXBuildFile; fileRef = 618384CD1FD6822C00450D56 /* JJAPIModule.h */; settings = {ATTRIBUTES = (Public, ); }; };
		618384D21FD7E4FE00450D56 /* JJRequestDelegate.h in Headers */ = {isa = PBXBuildFile; fileRef = 61F366C21FCDA714001CC01A /* JJRequestDelegate.h */; settings = {ATTRIBUTES = (Public, ); }; };
		618384D31FD7E4FE00450D56 /* JJRequestInterseptor.h in Headers */ = {isa = PBXBuildFile; fileRef = 617B37C01FD054FB00FDABF0 /* JJRequestInterseptor.h */; settings = {ATTRIBUTES = (Public, ); }; };
		618384D41FD7E4FE00450D56 /* JJAPIRequest+Extension.h in Headers */ = {isa = PBXBuildFile; fileRef = 618384CE1FD6826E00450D56 /* JJAPIRequest+Extension.h */; settings = {ATTRIBUTES = (Public, ); }; };
		6199911B1F5C570A003AAED6 /* JJAPIFileCache.m in Sources */ = {isa = PBXBuildFile; fileRef = 6199911A1F5C570A003AAED6 /* JJAPIFileCache.m */; };
		6199ADCA1F2E2618004573E3 /* JJAFNetworkImpl.m in Sources */ = {isa = PBXBuildFile; fileRef = 6199ADC91F2E2618004573E3 /* JJAFNetworkImpl.m */; };
		6199ADD41F2E27E9004573E3 /* JJAPIRequest.m in Sources */ = {isa = PBXBuildFile; fileRef = 6199ADD31F2E27E9004573E3 /* JJAPIRequest.m */; };
		6199ADD71F2E2874004573E3 /* JJAPIService.m in Sources */ = {isa = PBXBuildFile; fileRef = 6199ADD61F2E2874004573E3 /* JJAPIService.m */; };
		61A0EE231FC32037003E9F13 /* AFNetworking.framework in Frameworks */ = {isa = PBXBuildFile; fileRef = 61A0EE221FC32037003E9F13 /* AFNetworking.framework */; };
		61A0EE4E1FC3B890003E9F13 /* JJAPIRequest.h in Headers */ = {isa = PBXBuildFile; fileRef = 6199ADD21F2E27E9004573E3 /* JJAPIRequest.h */; settings = {ATTRIBUTES = (Public, ); }; };
		61B6CAFC1FC2CB1900910DEA /* JJNetwork.h in Headers */ = {isa = PBXBuildFile; fileRef = 6199ADC51F2E19AD004573E3 /* JJNetwork.h */; settings = {ATTRIBUTES = (Public, ); }; };
		61B6CAFD1FC2CB5600910DEA /* JJAPIFileCache.m in Sources */ = {isa = PBXBuildFile; fileRef = 6199911A1F5C570A003AAED6 /* JJAPIFileCache.m */; };
		61B6CAFE1FC2CB5600910DEA /* NSString+MD5.m in Sources */ = {isa = PBXBuildFile; fileRef = 61E270F61F4DCEAB00834D0E /* NSString+MD5.m */; };
		61B6CAFF1FC2CB5600910DEA /* JJAPIManager.m in Sources */ = {isa = PBXBuildFile; fileRef = 61237DBF1F30798400889CD1 /* JJAPIManager.m */; };
		61B6CB001FC2CB5600910DEA /* JJAFNetworkImpl.m in Sources */ = {isa = PBXBuildFile; fileRef = 6199ADC91F2E2618004573E3 /* JJAFNetworkImpl.m */; };
		61B6CB011FC2CB5600910DEA /* JJAPIService.m in Sources */ = {isa = PBXBuildFile; fileRef = 6199ADD61F2E2874004573E3 /* JJAPIService.m */; };
		61B6CB021FC2CB5600910DEA /* JJAPIServiceManager.m in Sources */ = {isa = PBXBuildFile; fileRef = 61B734B31F62A27D001549C1 /* JJAPIServiceManager.m */; };
		61B6CB041FC2CB5600910DEA /* JJAPIRequest.m in Sources */ = {isa = PBXBuildFile; fileRef = 6199ADD31F2E27E9004573E3 /* JJAPIRequest.m */; };
		61B734B41F62A27D001549C1 /* JJAPIServiceManager.m in Sources */ = {isa = PBXBuildFile; fileRef = 61B734B31F62A27D001549C1 /* JJAPIServiceManager.m */; };
		61CEE54F1F6B68EB00726441 /* HttpHeadModule.m in Sources */ = {isa = PBXBuildFile; fileRef = 61CEE54E1F6B68EB00726441 /* HttpHeadModule.m */; };
		61E270F71F4DCEAB00834D0E /* NSString+MD5.m in Sources */ = {isa = PBXBuildFile; fileRef = 61E270F61F4DCEAB00834D0E /* NSString+MD5.m */; };
		61E271061F52A5BA00834D0E /* PresentViewController.m in Sources */ = {isa = PBXBuildFile; fileRef = 61E271051F52A5BA00834D0E /* PresentViewController.m */; };
		61E90E601FE3DBAF0074778C /* UploadFileDemoViewController.m in Sources */ = {isa = PBXBuildFile; fileRef = 61E90E5F1FE3DBAF0074778C /* UploadFileDemoViewController.m */; };
		61E90E631FE3DC3D0074778C /* UploadFileDemoRequest.m in Sources */ = {isa = PBXBuildFile; fileRef = 61E90E621FE3DC3D0074778C /* UploadFileDemoRequest.m */; };
		61F3E7981FE1F81B003AEF60 /* JJAPIResponse.m in Sources */ = {isa = PBXBuildFile; fileRef = 61F3E7971FE1F81B003AEF60 /* JJAPIResponse.m */; };
/* End PBXBuildFile section */

/* Begin PBXFileReference section */
		611E5A961F66D42800FAF5BD /* DomainModule.h */ = {isa = PBXFileReference; fileEncoding = 4; lastKnownFileType = sourcecode.c.h; path = DomainModule.h; sourceTree = "<group>"; };
		611E5A971F66D42800FAF5BD /* DomainModule.m */ = {isa = PBXFileReference; fileEncoding = 4; lastKnownFileType = sourcecode.c.objc; path = DomainModule.m; sourceTree = "<group>"; };
		61237DB51F2F315700889CD1 /* DemoRequest.h */ = {isa = PBXFileReference; fileEncoding = 4; lastKnownFileType = sourcecode.c.h; path = DemoRequest.h; sourceTree = "<group>"; };
		61237DB61F2F315700889CD1 /* DemoRequest.m */ = {isa = PBXFileReference; fileEncoding = 4; lastKnownFileType = sourcecode.c.objc; path = DemoRequest.m; sourceTree = "<group>"; };
		61237DBE1F30798400889CD1 /* JJAPIManager.h */ = {isa = PBXFileReference; fileEncoding = 4; lastKnownFileType = sourcecode.c.h; path = JJAPIManager.h; sourceTree = "<group>"; };
		61237DBF1F30798400889CD1 /* JJAPIManager.m */ = {isa = PBXFileReference; fileEncoding = 4; lastKnownFileType = sourcecode.c.objc; path = JJAPIManager.m; sourceTree = "<group>"; };
		616405751F2E159300CA819D /* JJNetwork.app */ = {isa = PBXFileReference; explicitFileType = wrapper.application; includeInIndex = 0; path = JJNetwork.app; sourceTree = BUILT_PRODUCTS_DIR; };
		616405791F2E159300CA819D /* main.m */ = {isa = PBXFileReference; lastKnownFileType = sourcecode.c.objc; path = main.m; sourceTree = "<group>"; };
		6164057B1F2E159300CA819D /* AppDelegate.h */ = {isa = PBXFileReference; lastKnownFileType = sourcecode.c.h; path = AppDelegate.h; sourceTree = "<group>"; };
		6164057C1F2E159300CA819D /* AppDelegate.m */ = {isa = PBXFileReference; lastKnownFileType = sourcecode.c.objc; path = AppDelegate.m; sourceTree = "<group>"; };
		6164057E1F2E159300CA819D /* DemoViewController.h */ = {isa = PBXFileReference; lastKnownFileType = sourcecode.c.h; path = DemoViewController.h; sourceTree = "<group>"; };
		6164057F1F2E159300CA819D /* DemoViewController.m */ = {isa = PBXFileReference; lastKnownFileType = sourcecode.c.objc; path = DemoViewController.m; sourceTree = "<group>"; };
		616405821F2E159300CA819D /* Base */ = {isa = PBXFileReference; lastKnownFileType = file.storyboard; name = Base; path = Base.lproj/Main.storyboard; sourceTree = "<group>"; };
		616405841F2E159300CA819D /* Assets.xcassets */ = {isa = PBXFileReference; lastKnownFileType = folder.assetcatalog; path = Assets.xcassets; sourceTree = "<group>"; };
		616405871F2E159300CA819D /* Base */ = {isa = PBXFileReference; lastKnownFileType = file.storyboard; name = Base; path = Base.lproj/LaunchScreen.storyboard; sourceTree = "<group>"; };
		616405891F2E159400CA819D /* Info.plist */ = {isa = PBXFileReference; lastKnownFileType = text.plist.xml; path = Info.plist; sourceTree = "<group>"; };
		617B37C01FD054FB00FDABF0 /* JJRequestInterseptor.h */ = {isa = PBXFileReference; lastKnownFileType = sourcecode.c.h; path = JJRequestInterseptor.h; sourceTree = "<group>"; };
		618384CD1FD6822C00450D56 /* JJAPIModule.h */ = {isa = PBXFileReference; fileEncoding = 4; lastKnownFileType = sourcecode.c.h; path = JJAPIModule.h; sourceTree = "<group>"; };
		618384CE1FD6826E00450D56 /* JJAPIRequest+Extension.h */ = {isa = PBXFileReference; lastKnownFileType = sourcecode.c.h; path = "JJAPIRequest+Extension.h"; sourceTree = "<group>"; };
		618384CF1FD6826E00450D56 /* JJAPIRequest+Extension.m */ = {isa = PBXFileReference; lastKnownFileType = sourcecode.c.objc; path = "JJAPIRequest+Extension.m"; sourceTree = "<group>"; };
		619991181F5C5555003AAED6 /* JJAPICache.h */ = {isa = PBXFileReference; fileEncoding = 4; lastKnownFileType = sourcecode.c.h; path = JJAPICache.h; sourceTree = "<group>"; };
		619991191F5C570A003AAED6 /* JJAPIFileCache.h */ = {isa = PBXFileReference; fileEncoding = 4; lastKnownFileType = sourcecode.c.h; path = JJAPIFileCache.h; sourceTree = "<group>"; };
		6199911A1F5C570A003AAED6 /* JJAPIFileCache.m */ = {isa = PBXFileReference; fileEncoding = 4; lastKnownFileType = sourcecode.c.objc; path = JJAPIFileCache.m; sourceTree = "<group>"; };
		6199ADC51F2E19AD004573E3 /* JJNetwork.h */ = {isa = PBXFileReference; lastKnownFileType = sourcecode.c.h; path = JJNetwork.h; sourceTree = "<group>"; };
		6199ADC71F2E2519004573E3 /* JJHTTPProtocol.h */ = {isa = PBXFileReference; lastKnownFileType = sourcecode.c.h; path = JJHTTPProtocol.h; sourceTree = "<group>"; };
		6199ADC81F2E2618004573E3 /* JJAFNetworkImpl.h */ = {isa = PBXFileReference; fileEncoding = 4; lastKnownFileType = sourcecode.c.h; path = JJAFNetworkImpl.h; sourceTree = "<group>"; };
		6199ADC91F2E2618004573E3 /* JJAFNetworkImpl.m */ = {isa = PBXFileReference; fileEncoding = 4; lastKnownFileType = sourcecode.c.objc; path = JJAFNetworkImpl.m; sourceTree = "<group>"; };
		6199ADD21F2E27E9004573E3 /* JJAPIRequest.h */ = {isa = PBXFileReference; fileEncoding = 4; lastKnownFileType = sourcecode.c.h; path = JJAPIRequest.h; sourceTree = "<group>"; };
		6199ADD31F2E27E9004573E3 /* JJAPIRequest.m */ = {isa = PBXFileReference; fileEncoding = 4; lastKnownFileType = sourcecode.c.objc; path = JJAPIRequest.m; sourceTree = "<group>"; };
		6199ADD51F2E2874004573E3 /* JJAPIService.h */ = {isa = PBXFileReference; fileEncoding = 4; lastKnownFileType = sourcecode.c.h; path = JJAPIService.h; sourceTree = "<group>"; };
		6199ADD61F2E2874004573E3 /* JJAPIService.m */ = {isa = PBXFileReference; fileEncoding = 4; lastKnownFileType = sourcecode.c.objc; path = JJAPIService.m; sourceTree = "<group>"; };
		619FB57D1F603D2800030792 /* JJAPIServiceDelegate.h */ = {isa = PBXFileReference; fileEncoding = 4; lastKnownFileType = sourcecode.c.h; path = JJAPIServiceDelegate.h; sourceTree = "<group>"; };
		61A0EE221FC32037003E9F13 /* AFNetworking.framework */ = {isa = PBXFileReference; lastKnownFileType = wrapper.framework; name = AFNetworking.framework; path = Carthage/Build/iOS/AFNetworking.framework; sourceTree = "<group>"; };
		61B6CAEE1FC2CAAB00910DEA /* JJNetwork.framework */ = {isa = PBXFileReference; explicitFileType = wrapper.framework; includeInIndex = 0; path = JJNetwork.framework; sourceTree = BUILT_PRODUCTS_DIR; };
		61B6CAF11FC2CAAB00910DEA /* Info.plist */ = {isa = PBXFileReference; lastKnownFileType = text.plist.xml; path = Info.plist; sourceTree = "<group>"; };
		61B6CB061FC2CF0600910DEA /* AFNetworking.framework */ = {isa = PBXFileReference; explicitFileType = wrapper.framework; path = AFNetworking.framework; sourceTree = BUILT_PRODUCTS_DIR; };
		61B6CB081FC2D0ED00910DEA /* AFNetworking.framework */ = {isa = PBXFileReference; explicitFileType = wrapper.framework; path = AFNetworking.framework; sourceTree = BUILT_PRODUCTS_DIR; };
		61B6CB0A1FC2D3AB00910DEA /* AFNetworking.framework */ = {isa = PBXFileReference; explicitFileType = wrapper.framework; path = AFNetworking.framework; sourceTree = BUILT_PRODUCTS_DIR; };
		61B6CB0C1FC2D72A00910DEA /* AFNetworking.framework */ = {isa = PBXFileReference; explicitFileType = wrapper.framework; path = AFNetworking.framework; sourceTree = BUILT_PRODUCTS_DIR; };
		61B6CB0F1FC2DAC200910DEA /* AFNetworking.framework */ = {isa = PBXFileReference; explicitFileType = wrapper.framework; path = AFNetworking.framework; sourceTree = BUILT_PRODUCTS_DIR; };
		61B6CB111FC2DC7100910DEA /* AFNetworking.framework */ = {isa = PBXFileReference; explicitFileType = wrapper.framework; path = AFNetworking.framework; sourceTree = BUILT_PRODUCTS_DIR; };
		61B734B21F62A27D001549C1 /* JJAPIServiceManager.h */ = {isa = PBXFileReference; fileEncoding = 4; lastKnownFileType = sourcecode.c.h; path = JJAPIServiceManager.h; sourceTree = "<group>"; };
		61B734B31F62A27D001549C1 /* JJAPIServiceManager.m */ = {isa = PBXFileReference; fileEncoding = 4; lastKnownFileType = sourcecode.c.objc; path = JJAPIServiceManager.m; sourceTree = "<group>"; };
		61CEE54D1F6B68EB00726441 /* HttpHeadModule.h */ = {isa = PBXFileReference; fileEncoding = 4; lastKnownFileType = sourcecode.c.h; path = HttpHeadModule.h; sourceTree = "<group>"; };
		61CEE54E1F6B68EB00726441 /* HttpHeadModule.m */ = {isa = PBXFileReference; fileEncoding = 4; lastKnownFileType = sourcecode.c.objc; path = HttpHeadModule.m; sourceTree = "<group>"; };
		61E270F51F4DCEAB00834D0E /* NSString+MD5.h */ = {isa = PBXFileReference; fileEncoding = 4; lastKnownFileType = sourcecode.c.h; path = "NSString+MD5.h"; sourceTree = "<group>"; };
		61E270F61F4DCEAB00834D0E /* NSString+MD5.m */ = {isa = PBXFileReference; fileEncoding = 4; lastKnownFileType = sourcecode.c.objc; path = "NSString+MD5.m"; sourceTree = "<group>"; };
		61E271041F52A5BA00834D0E /* PresentViewController.h */ = {isa = PBXFileReference; fileEncoding = 4; lastKnownFileType = sourcecode.c.h; path = PresentViewController.h; sourceTree = "<group>"; };
		61E271051F52A5BA00834D0E /* PresentViewController.m */ = {isa = PBXFileReference; fileEncoding = 4; lastKnownFileType = sourcecode.c.objc; path = PresentViewController.m; sourceTree = "<group>"; };
		61E90E5E1FE3DBAF0074778C /* UploadFileDemoViewController.h */ = {isa = PBXFileReference; lastKnownFileType = sourcecode.c.h; path = UploadFileDemoViewController.h; sourceTree = "<group>"; };
		61E90E5F1FE3DBAF0074778C /* UploadFileDemoViewController.m */ = {isa = PBXFileReference; lastKnownFileType = sourcecode.c.objc; path = UploadFileDemoViewController.m; sourceTree = "<group>"; };
		61E90E611FE3DC3D0074778C /* UploadFileDemoRequest.h */ = {isa = PBXFileReference; lastKnownFileType = sourcecode.c.h; path = UploadFileDemoRequest.h; sourceTree = "<group>"; };
		61E90E621FE3DC3D0074778C /* UploadFileDemoRequest.m */ = {isa = PBXFileReference; lastKnownFileType = sourcecode.c.objc; path = UploadFileDemoRequest.m; sourceTree = "<group>"; };
		61F366C21FCDA714001CC01A /* JJRequestDelegate.h */ = {isa = PBXFileReference; lastKnownFileType = sourcecode.c.h; path = JJRequestDelegate.h; sourceTree = "<group>"; };
		61F3E7961FE1F81B003AEF60 /* JJAPIResponse.h */ = {isa = PBXFileReference; lastKnownFileType = sourcecode.c.h; path = JJAPIResponse.h; sourceTree = "<group>"; };
		61F3E7971FE1F81B003AEF60 /* JJAPIResponse.m */ = {isa = PBXFileReference; lastKnownFileType = sourcecode.c.objc; path = JJAPIResponse.m; sourceTree = "<group>"; };
		6900DC2B70A949A892CE33C9 /* Pods-JJNetwork.release.xcconfig */ = {isa = PBXFileReference; includeInIndex = 1; lastKnownFileType = text.xcconfig; name = "Pods-JJNetwork.release.xcconfig"; path = "Pods/Target Support Files/Pods-JJNetwork/Pods-JJNetwork.release.xcconfig"; sourceTree = "<group>"; };
		7221CB53D12F96CAC74AFE14 /* Pods_JJNetwork.framework */ = {isa = PBXFileReference; explicitFileType = wrapper.framework; includeInIndex = 0; path = Pods_JJNetwork.framework; sourceTree = BUILT_PRODUCTS_DIR; };
		7DE2946F419FD83108BAE7BA /* Pods-JJNetwork.debug.xcconfig */ = {isa = PBXFileReference; includeInIndex = 1; lastKnownFileType = text.xcconfig; name = "Pods-JJNetwork.debug.xcconfig"; path = "Pods/Target Support Files/Pods-JJNetwork/Pods-JJNetwork.debug.xcconfig"; sourceTree = "<group>"; };
/* End PBXFileReference section */

/* Begin PBXFrameworksBuildPhase section */
		616405721F2E159300CA819D /* Frameworks */ = {
			isa = PBXFrameworksBuildPhase;
			buildActionMask = 2147483647;
			files = (
				071BB4FB0FAB832FFDBC3888 /* Pods_JJNetwork.framework in Frameworks */,
			);
			runOnlyForDeploymentPostprocessing = 0;
		};
		61B6CAEA1FC2CAAB00910DEA /* Frameworks */ = {
			isa = PBXFrameworksBuildPhase;
			buildActionMask = 2147483647;
			files = (
				61A0EE231FC32037003E9F13 /* AFNetworking.framework in Frameworks */,
			);
			runOnlyForDeploymentPostprocessing = 0;
		};
/* End PBXFrameworksBuildPhase section */

/* Begin PBXGroup section */
		5A26EB14427F226214B5C030 /* Frameworks */ = {
			isa = PBXGroup;
			children = (
				61B6CB111FC2DC7100910DEA /* AFNetworking.framework */,
				61B6CB0F1FC2DAC200910DEA /* AFNetworking.framework */,
				61B6CB0C1FC2D72A00910DEA /* AFNetworking.framework */,
				61B6CB0A1FC2D3AB00910DEA /* AFNetworking.framework */,
				61B6CB081FC2D0ED00910DEA /* AFNetworking.framework */,
				61B6CB061FC2CF0600910DEA /* AFNetworking.framework */,
				61A0EE221FC32037003E9F13 /* AFNetworking.framework */,
				7221CB53D12F96CAC74AFE14 /* Pods_JJNetwork.framework */,
			);
			name = Frameworks;
			sourceTree = "<group>";
		};
		61237DB41F2F313C00889CD1 /* Demo */ = {
			isa = PBXGroup;
			children = (
				61237DB51F2F315700889CD1 /* DemoRequest.h */,
				61237DB61F2F315700889CD1 /* DemoRequest.m */,
				611E5A961F66D42800FAF5BD /* DomainModule.h */,
				611E5A971F66D42800FAF5BD /* DomainModule.m */,
				61CEE54D1F6B68EB00726441 /* HttpHeadModule.h */,
				61CEE54E1F6B68EB00726441 /* HttpHeadModule.m */,
				61E90E611FE3DC3D0074778C /* UploadFileDemoRequest.h */,
				61E90E621FE3DC3D0074778C /* UploadFileDemoRequest.m */,
			);
			path = Demo;
			sourceTree = "<group>";
		};
		6164056C1F2E159300CA819D = {
			isa = PBXGroup;
			children = (
				616405771F2E159300CA819D /* JJNetwork */,
				61B6CAEF1FC2CAAB00910DEA /* JJNetworkFramework */,
				616405761F2E159300CA819D /* Products */,
				8D156259B0E3915316E8179B /* Pods */,
				5A26EB14427F226214B5C030 /* Frameworks */,
			);
			sourceTree = "<group>";
		};
		616405761F2E159300CA819D /* Products */ = {
			isa = PBXGroup;
			children = (
				616405751F2E159300CA819D /* JJNetwork.app */,
				61B6CAEE1FC2CAAB00910DEA /* JJNetwork.framework */,
			);
			name = Products;
			sourceTree = "<group>";
		};
		616405771F2E159300CA819D /* JJNetwork */ = {
			isa = PBXGroup;
			children = (
				61237DB41F2F313C00889CD1 /* Demo */,
				6199ADC21F2E188E004573E3 /* Source */,
				6164057B1F2E159300CA819D /* AppDelegate.h */,
				6164057C1F2E159300CA819D /* AppDelegate.m */,
				6164057E1F2E159300CA819D /* DemoViewController.h */,
				6164057F1F2E159300CA819D /* DemoViewController.m */,
				61E271041F52A5BA00834D0E /* PresentViewController.h */,
				61E271051F52A5BA00834D0E /* PresentViewController.m */,
				61E90E5E1FE3DBAF0074778C /* UploadFileDemoViewController.h */,
				61E90E5F1FE3DBAF0074778C /* UploadFileDemoViewController.m */,
				616405811F2E159300CA819D /* Main.storyboard */,
				616405841F2E159300CA819D /* Assets.xcassets */,
				616405861F2E159300CA819D /* LaunchScreen.storyboard */,
				616405891F2E159400CA819D /* Info.plist */,
				616405781F2E159300CA819D /* Supporting Files */,
			);
			path = JJNetwork;
			sourceTree = "<group>";
		};
		616405781F2E159300CA819D /* Supporting Files */ = {
			isa = PBXGroup;
			children = (
				616405791F2E159300CA819D /* main.m */,
			);
			name = "Supporting Files";
			sourceTree = "<group>";
		};
		619991171F5C54D6003AAED6 /* Cache */ = {
			isa = PBXGroup;
			children = (
				619991181F5C5555003AAED6 /* JJAPICache.h */,
				619991191F5C570A003AAED6 /* JJAPIFileCache.h */,
				6199911A1F5C570A003AAED6 /* JJAPIFileCache.m */,
			);
			path = Cache;
			sourceTree = "<group>";
		};
		6199ADC21F2E188E004573E3 /* Source */ = {
			isa = PBXGroup;
			children = (
				619991171F5C54D6003AAED6 /* Cache */,
				61E270F41F4DCE8A00834D0E /* Category */,
				6199ADC61F2E24E0004573E3 /* ThirdParty */,
				6199ADC31F2E193C004573E3 /* APIService */,
				6199ADC41F2E193C004573E3 /* Request */,
				6199ADC51F2E19AD004573E3 /* JJNetwork.h */,
			);
			path = Source;
			sourceTree = "<group>";
		};
		6199ADC31F2E193C004573E3 /* APIService */ = {
			isa = PBXGroup;
			children = (
				6199ADD51F2E2874004573E3 /* JJAPIService.h */,
				6199ADD61F2E2874004573E3 /* JJAPIService.m */,
				619FB57D1F603D2800030792 /* JJAPIServiceDelegate.h */,
				61B734B21F62A27D001549C1 /* JJAPIServiceManager.h */,
				61B734B31F62A27D001549C1 /* JJAPIServiceManager.m */,
			);
			path = APIService;
			sourceTree = "<group>";
		};
		6199ADC41F2E193C004573E3 /* Request */ = {
			isa = PBXGroup;
			children = (
				618384CD1FD6822C00450D56 /* JJAPIModule.h */,
				6199ADD21F2E27E9004573E3 /* JJAPIRequest.h */,
				6199ADD31F2E27E9004573E3 /* JJAPIRequest.m */,
				61F366C21FCDA714001CC01A /* JJRequestDelegate.h */,
				617B37C01FD054FB00FDABF0 /* JJRequestInterseptor.h */,
				618384CE1FD6826E00450D56 /* JJAPIRequest+Extension.h */,
				618384CF1FD6826E00450D56 /* JJAPIRequest+Extension.m */,
				61F3E7961FE1F81B003AEF60 /* JJAPIResponse.h */,
				61F3E7971FE1F81B003AEF60 /* JJAPIResponse.m */,
			);
			path = Request;
			sourceTree = "<group>";
		};
		6199ADC61F2E24E0004573E3 /* ThirdParty */ = {
			isa = PBXGroup;
			children = (
				61237DBE1F30798400889CD1 /* JJAPIManager.h */,
				61237DBF1F30798400889CD1 /* JJAPIManager.m */,
				6199ADC71F2E2519004573E3 /* JJHTTPProtocol.h */,
				6199ADC81F2E2618004573E3 /* JJAFNetworkImpl.h */,
				6199ADC91F2E2618004573E3 /* JJAFNetworkImpl.m */,
			);
			path = ThirdParty;
			sourceTree = "<group>";
		};
		61B6CAEF1FC2CAAB00910DEA /* JJNetworkFramework */ = {
			isa = PBXGroup;
			children = (
				61B6CAF11FC2CAAB00910DEA /* Info.plist */,
			);
			path = JJNetworkFramework;
			sourceTree = "<group>";
		};
		61E270F41F4DCE8A00834D0E /* Category */ = {
			isa = PBXGroup;
			children = (
				61E270F51F4DCEAB00834D0E /* NSString+MD5.h */,
				61E270F61F4DCEAB00834D0E /* NSString+MD5.m */,
			);
			path = Category;
			sourceTree = "<group>";
		};
		8D156259B0E3915316E8179B /* Pods */ = {
			isa = PBXGroup;
			children = (
				7DE2946F419FD83108BAE7BA /* Pods-JJNetwork.debug.xcconfig */,
				6900DC2B70A949A892CE33C9 /* Pods-JJNetwork.release.xcconfig */,
			);
			name = Pods;
			sourceTree = "<group>";
		};
/* End PBXGroup section */

/* Begin PBXHeadersBuildPhase section */
		61B6CAEB1FC2CAAB00910DEA /* Headers */ = {
			isa = PBXHeadersBuildPhase;
			buildActionMask = 2147483647;
			files = (
				618384D11FD7E4FE00450D56 /* JJAPIModule.h in Headers */,
				618384D21FD7E4FE00450D56 /* JJRequestDelegate.h in Headers */,
				618384D31FD7E4FE00450D56 /* JJRequestInterseptor.h in Headers */,
				618384D41FD7E4FE00450D56 /* JJAPIRequest+Extension.h in Headers */,
				61A0EE4E1FC3B890003E9F13 /* JJAPIRequest.h in Headers */,
				61B6CAFC1FC2CB1900910DEA /* JJNetwork.h in Headers */,
			);
			runOnlyForDeploymentPostprocessing = 0;
		};
/* End PBXHeadersBuildPhase section */

/* Begin PBXNativeTarget section */
		616405741F2E159300CA819D /* JJNetwork */ = {
			isa = PBXNativeTarget;
			buildConfigurationList = 6164058C1F2E159400CA819D /* Build configuration list for PBXNativeTarget "JJNetwork" */;
			buildPhases = (
				B571E73E1F5D00DBD68BA3BE /* [CP] Check Pods Manifest.lock */,
				616405711F2E159300CA819D /* Sources */,
				616405721F2E159300CA819D /* Frameworks */,
				616405731F2E159300CA819D /* Resources */,
				7875FF2DD4135E1E320E87AB /* [CP] Embed Pods Frameworks */,
				79B70D35C969087E5FA5A553 /* [CP] Copy Pods Resources */,
			);
			buildRules = (
			);
			dependencies = (
			);
			name = JJNetwork;
			productName = JJNetwork;
			productReference = 616405751F2E159300CA819D /* JJNetwork.app */;
			productType = "com.apple.product-type.application";
		};
		61B6CAED1FC2CAAB00910DEA /* JJNetworkFramework */ = {
			isa = PBXNativeTarget;
			buildConfigurationList = 61B6CAF91FC2CAAB00910DEA /* Build configuration list for PBXNativeTarget "JJNetworkFramework" */;
			buildPhases = (
				61B6CAE91FC2CAAB00910DEA /* Sources */,
				61B6CAEA1FC2CAAB00910DEA /* Frameworks */,
				61B6CAEB1FC2CAAB00910DEA /* Headers */,
				61B6CAEC1FC2CAAB00910DEA /* Resources */,
			);
			buildRules = (
			);
			dependencies = (
			);
			name = JJNetworkFramework;
			productName = JJNetworkFramework;
			productReference = 61B6CAEE1FC2CAAB00910DEA /* JJNetwork.framework */;
			productType = "com.apple.product-type.framework";
		};
/* End PBXNativeTarget section */

/* Begin PBXProject section */
		6164056D1F2E159300CA819D /* Project object */ = {
			isa = PBXProject;
			attributes = {
				LastUpgradeCheck = 0830;
				ORGANIZATIONNAME = jezz;
				TargetAttributes = {
					616405741F2E159300CA819D = {
						CreatedOnToolsVersion = 8.3.2;
						DevelopmentTeam = 3URXH2B4JL;
						ProvisioningStyle = Automatic;
					};
					61B6CAED1FC2CAAB00910DEA = {
						CreatedOnToolsVersion = 9.0;
						DevelopmentTeam = 3URXH2B4JL;
						ProvisioningStyle = Automatic;
					};
				};
			};
			buildConfigurationList = 616405701F2E159300CA819D /* Build configuration list for PBXProject "JJNetwork" */;
			compatibilityVersion = "Xcode 3.2";
			developmentRegion = English;
			hasScannedForEncodings = 0;
			knownRegions = (
				en,
				Base,
			);
			mainGroup = 6164056C1F2E159300CA819D;
			productRefGroup = 616405761F2E159300CA819D /* Products */;
			projectDirPath = "";
			projectRoot = "";
			targets = (
				616405741F2E159300CA819D /* JJNetwork */,
				61B6CAED1FC2CAAB00910DEA /* JJNetworkFramework */,
			);
		};
/* End PBXProject section */

/* Begin PBXResourcesBuildPhase section */
		616405731F2E159300CA819D /* Resources */ = {
			isa = PBXResourcesBuildPhase;
			buildActionMask = 2147483647;
			files = (
				616405881F2E159300CA819D /* LaunchScreen.storyboard in Resources */,
				616405851F2E159300CA819D /* Assets.xcassets in Resources */,
				616405831F2E159300CA819D /* Main.storyboard in Resources */,
			);
			runOnlyForDeploymentPostprocessing = 0;
		};
		61B6CAEC1FC2CAAB00910DEA /* Resources */ = {
			isa = PBXResourcesBuildPhase;
			buildActionMask = 2147483647;
			files = (
			);
			runOnlyForDeploymentPostprocessing = 0;
		};
/* End PBXResourcesBuildPhase section */

/* Begin PBXShellScriptBuildPhase section */
		7875FF2DD4135E1E320E87AB /* [CP] Embed Pods Frameworks */ = {
			isa = PBXShellScriptBuildPhase;
			buildActionMask = 2147483647;
			files = (
			);
			inputPaths = (
				"${SRCROOT}/Pods/Target Support Files/Pods-JJNetwork/Pods-JJNetwork-frameworks.sh",
				"${BUILT_PRODUCTS_DIR}/AFNetworking/AFNetworking.framework",
			);
			name = "[CP] Embed Pods Frameworks";
			outputPaths = (
				"${TARGET_BUILD_DIR}/${FRAMEWORKS_FOLDER_PATH}/AFNetworking.framework",
			);
			runOnlyForDeploymentPostprocessing = 0;
			shellPath = /bin/sh;
			shellScript = "\"${SRCROOT}/Pods/Target Support Files/Pods-JJNetwork/Pods-JJNetwork-frameworks.sh\"\n";
			showEnvVarsInLog = 0;
		};
		79B70D35C969087E5FA5A553 /* [CP] Copy Pods Resources */ = {
			isa = PBXShellScriptBuildPhase;
			buildActionMask = 2147483647;
			files = (
			);
			inputPaths = (
			);
			name = "[CP] Copy Pods Resources";
			outputPaths = (
			);
			runOnlyForDeploymentPostprocessing = 0;
			shellPath = /bin/sh;
			shellScript = "\"${SRCROOT}/Pods/Target Support Files/Pods-JJNetwork/Pods-JJNetwork-resources.sh\"\n";
			showEnvVarsInLog = 0;
		};
		B571E73E1F5D00DBD68BA3BE /* [CP] Check Pods Manifest.lock */ = {
			isa = PBXShellScriptBuildPhase;
			buildActionMask = 2147483647;
			files = (
			);
			inputPaths = (
				"${PODS_PODFILE_DIR_PATH}/Podfile.lock",
				"${PODS_ROOT}/Manifest.lock",
			);
			name = "[CP] Check Pods Manifest.lock";
			outputPaths = (
				"$(DERIVED_FILE_DIR)/Pods-JJNetwork-checkManifestLockResult.txt",
			);
			runOnlyForDeploymentPostprocessing = 0;
			shellPath = /bin/sh;
			shellScript = "diff \"${PODS_PODFILE_DIR_PATH}/Podfile.lock\" \"${PODS_ROOT}/Manifest.lock\" > /dev/null\nif [ $? != 0 ] ; then\n    # print error to STDERR\n    echo \"error: The sandbox is not in sync with the Podfile.lock. Run 'pod install' or update your CocoaPods installation.\" >&2\n    exit 1\nfi\n# This output is used by Xcode 'outputs' to avoid re-running this script phase.\necho \"SUCCESS\" > \"${SCRIPT_OUTPUT_FILE_0}\"\n";
			showEnvVarsInLog = 0;
		};
/* End PBXShellScriptBuildPhase section */

/* Begin PBXSourcesBuildPhase section */
		616405711F2E159300CA819D /* Sources */ = {
			isa = PBXSourcesBuildPhase;
			buildActionMask = 2147483647;
			files = (
				61E271061F52A5BA00834D0E /* PresentViewController.m in Sources */,
				6199ADD71F2E2874004573E3 /* JJAPIService.m in Sources */,
				618384D01FD6826E00450D56 /* JJAPIRequest+Extension.m in Sources */,
				616405801F2E159300CA819D /* DemoViewController.m in Sources */,
				61B734B41F62A27D001549C1 /* JJAPIServiceManager.m in Sources */,
				61E270F71F4DCEAB00834D0E /* NSString+MD5.m in Sources */,
				61237DC01F30798400889CD1 /* JJAPIManager.m in Sources */,
				61E90E631FE3DC3D0074778C /* UploadFileDemoRequest.m in Sources */,
				61F3E7981FE1F81B003AEF60 /* JJAPIResponse.m in Sources */,
				6199ADCA1F2E2618004573E3 /* JJAFNetworkImpl.m in Sources */,
				61CEE54F1F6B68EB00726441 /* HttpHeadModule.m in Sources */,
				6199911B1F5C570A003AAED6 /* JJAPIFileCache.m in Sources */,
				611E5A981F66D42800FAF5BD /* DomainModule.m in Sources */,
				61237DB71F2F315700889CD1 /* DemoRequest.m in Sources */,
				61E90E601FE3DBAF0074778C /* UploadFileDemoViewController.m in Sources */,
				6164057D1F2E159300CA819D /* AppDelegate.m in Sources */,
				6199ADD41F2E27E9004573E3 /* JJAPIRequest.m in Sources */,
				6164057A1F2E159300CA819D /* main.m in Sources */,
			);
			runOnlyForDeploymentPostprocessing = 0;
		};
		61B6CAE91FC2CAAB00910DEA /* Sources */ = {
			isa = PBXSourcesBuildPhase;
			buildActionMask = 2147483647;
			files = (
				61B6CAFD1FC2CB5600910DEA /* JJAPIFileCache.m in Sources */,
				61B6CAFE1FC2CB5600910DEA /* NSString+MD5.m in Sources */,
				61B6CAFF1FC2CB5600910DEA /* JJAPIManager.m in Sources */,
				61B6CB001FC2CB5600910DEA /* JJAFNetworkImpl.m in Sources */,
				61B6CB011FC2CB5600910DEA /* JJAPIService.m in Sources */,
				61B6CB021FC2CB5600910DEA /* JJAPIServiceManager.m in Sources */,
				61B6CB041FC2CB5600910DEA /* JJAPIRequest.m in Sources */,
			);
			runOnlyForDeploymentPostprocessing = 0;
		};
/* End PBXSourcesBuildPhase section */

/* Begin PBXVariantGroup section */
		616405811F2E159300CA819D /* Main.storyboard */ = {
			isa = PBXVariantGroup;
			children = (
				616405821F2E159300CA819D /* Base */,
			);
			name = Main.storyboard;
			sourceTree = "<group>";
		};
		616405861F2E159300CA819D /* LaunchScreen.storyboard */ = {
			isa = PBXVariantGroup;
			children = (
				616405871F2E159300CA819D /* Base */,
			);
			name = LaunchScreen.storyboard;
			sourceTree = "<group>";
		};
/* End PBXVariantGroup section */

/* Begin XCBuildConfiguration section */
		6164058A1F2E159400CA819D /* Debug */ = {
			isa = XCBuildConfiguration;
			buildSettings = {
				ALWAYS_SEARCH_USER_PATHS = NO;
				CLANG_ANALYZER_NONNULL = YES;
				CLANG_ANALYZER_NUMBER_OBJECT_CONVERSION = YES_AGGRESSIVE;
				CLANG_CXX_LANGUAGE_STANDARD = "gnu++0x";
				CLANG_CXX_LIBRARY = "libc++";
				CLANG_ENABLE_MODULES = YES;
				CLANG_ENABLE_OBJC_ARC = YES;
				CLANG_WARN_BOOL_CONVERSION = YES;
				CLANG_WARN_CONSTANT_CONVERSION = YES;
				CLANG_WARN_DIRECT_OBJC_ISA_USAGE = YES_ERROR;
				CLANG_WARN_DOCUMENTATION_COMMENTS = YES;
				CLANG_WARN_EMPTY_BODY = YES;
				CLANG_WARN_ENUM_CONVERSION = YES;
				CLANG_WARN_INFINITE_RECURSION = YES;
				CLANG_WARN_INT_CONVERSION = YES;
				CLANG_WARN_OBJC_ROOT_CLASS = YES_ERROR;
				CLANG_WARN_SUSPICIOUS_MOVE = YES;
				CLANG_WARN_UNREACHABLE_CODE = YES;
				CLANG_WARN__DUPLICATE_METHOD_MATCH = YES;
				"CODE_SIGN_IDENTITY[sdk=iphoneos*]" = "iPhone Developer";
				COPY_PHASE_STRIP = NO;
				DEBUG_INFORMATION_FORMAT = dwarf;
				ENABLE_STRICT_OBJC_MSGSEND = YES;
				ENABLE_TESTABILITY = YES;
				GCC_C_LANGUAGE_STANDARD = gnu99;
				GCC_DYNAMIC_NO_PIC = NO;
				GCC_NO_COMMON_BLOCKS = YES;
				GCC_OPTIMIZATION_LEVEL = 0;
				GCC_PREPROCESSOR_DEFINITIONS = (
					"DEBUG=1",
					"$(inherited)",
				);
				GCC_WARN_64_TO_32_BIT_CONVERSION = YES;
				GCC_WARN_ABOUT_RETURN_TYPE = YES_ERROR;
				GCC_WARN_UNDECLARED_SELECTOR = YES;
				GCC_WARN_UNINITIALIZED_AUTOS = YES_AGGRESSIVE;
				GCC_WARN_UNUSED_FUNCTION = YES;
				GCC_WARN_UNUSED_VARIABLE = YES;
				IPHONEOS_DEPLOYMENT_TARGET = 10.3;
				MTL_ENABLE_DEBUG_INFO = YES;
				ONLY_ACTIVE_ARCH = YES;
				SDKROOT = iphoneos;
				TARGETED_DEVICE_FAMILY = "1,2";
			};
			name = Debug;
		};
		6164058B1F2E159400CA819D /* Release */ = {
			isa = XCBuildConfiguration;
			buildSettings = {
				ALWAYS_SEARCH_USER_PATHS = NO;
				CLANG_ANALYZER_NONNULL = YES;
				CLANG_ANALYZER_NUMBER_OBJECT_CONVERSION = YES_AGGRESSIVE;
				CLANG_CXX_LANGUAGE_STANDARD = "gnu++0x";
				CLANG_CXX_LIBRARY = "libc++";
				CLANG_ENABLE_MODULES = YES;
				CLANG_ENABLE_OBJC_ARC = YES;
				CLANG_WARN_BOOL_CONVERSION = YES;
				CLANG_WARN_CONSTANT_CONVERSION = YES;
				CLANG_WARN_DIRECT_OBJC_ISA_USAGE = YES_ERROR;
				CLANG_WARN_DOCUMENTATION_COMMENTS = YES;
				CLANG_WARN_EMPTY_BODY = YES;
				CLANG_WARN_ENUM_CONVERSION = YES;
				CLANG_WARN_INFINITE_RECURSION = YES;
				CLANG_WARN_INT_CONVERSION = YES;
				CLANG_WARN_OBJC_ROOT_CLASS = YES_ERROR;
				CLANG_WARN_SUSPICIOUS_MOVE = YES;
				CLANG_WARN_UNREACHABLE_CODE = YES;
				CLANG_WARN__DUPLICATE_METHOD_MATCH = YES;
				"CODE_SIGN_IDENTITY[sdk=iphoneos*]" = "iPhone Developer";
				COPY_PHASE_STRIP = NO;
				DEBUG_INFORMATION_FORMAT = "dwarf-with-dsym";
				ENABLE_NS_ASSERTIONS = NO;
				ENABLE_STRICT_OBJC_MSGSEND = YES;
				GCC_C_LANGUAGE_STANDARD = gnu99;
				GCC_NO_COMMON_BLOCKS = YES;
				GCC_WARN_64_TO_32_BIT_CONVERSION = YES;
				GCC_WARN_ABOUT_RETURN_TYPE = YES_ERROR;
				GCC_WARN_UNDECLARED_SELECTOR = YES;
				GCC_WARN_UNINITIALIZED_AUTOS = YES_AGGRESSIVE;
				GCC_WARN_UNUSED_FUNCTION = YES;
				GCC_WARN_UNUSED_VARIABLE = YES;
				IPHONEOS_DEPLOYMENT_TARGET = 10.3;
				MTL_ENABLE_DEBUG_INFO = NO;
				SDKROOT = iphoneos;
				TARGETED_DEVICE_FAMILY = "1,2";
				VALIDATE_PRODUCT = YES;
			};
			name = Release;
		};
		6164058D1F2E159400CA819D /* Debug */ = {
			isa = XCBuildConfiguration;
			baseConfigurationReference = 7DE2946F419FD83108BAE7BA /* Pods-JJNetwork.debug.xcconfig */;
			buildSettings = {
				ASSETCATALOG_COMPILER_APPICON_NAME = AppIcon;
				CODE_SIGN_IDENTITY = "iPhone Developer";
				DEVELOPMENT_TEAM = 3URXH2B4JL;
				INFOPLIST_FILE = JJNetwork/Info.plist;
				LD_RUNPATH_SEARCH_PATHS = "$(inherited) @executable_path/Frameworks";
				PRODUCT_BUNDLE_IDENTIFIER = com.test.JJNetwork;
				PRODUCT_NAME = "$(TARGET_NAME)";
			};
			name = Debug;
		};
		6164058E1F2E159400CA819D /* Release */ = {
			isa = XCBuildConfiguration;
			baseConfigurationReference = 6900DC2B70A949A892CE33C9 /* Pods-JJNetwork.release.xcconfig */;
			buildSettings = {
				ASSETCATALOG_COMPILER_APPICON_NAME = AppIcon;
				CODE_SIGN_IDENTITY = "iPhone Developer";
				DEVELOPMENT_TEAM = 3URXH2B4JL;
				INFOPLIST_FILE = JJNetwork/Info.plist;
				LD_RUNPATH_SEARCH_PATHS = "$(inherited) @executable_path/Frameworks";
				PRODUCT_BUNDLE_IDENTIFIER = com.test.JJNetwork;
				PRODUCT_NAME = "$(TARGET_NAME)";
			};
			name = Release;
		};
		61B6CAF71FC2CAAB00910DEA /* Debug */ = {
			isa = XCBuildConfiguration;
			buildSettings = {
				BITCODE_GENERATION_MODE = bitcode;
				CLANG_CXX_LANGUAGE_STANDARD = "gnu++14";
				CLANG_WARN_BLOCK_CAPTURE_AUTORELEASING = YES;
				CLANG_WARN_COMMA = YES;
				CLANG_WARN_NON_LITERAL_NULL_CONVERSION = YES;
				CLANG_WARN_OBJC_LITERAL_CONVERSION = YES;
				CLANG_WARN_RANGE_LOOP_ANALYSIS = YES;
				CLANG_WARN_STRICT_PROTOTYPES = YES;
				CLANG_WARN_UNGUARDED_AVAILABILITY = YES_AGGRESSIVE;
				CODE_SIGN_IDENTITY = "iPhone Developer";
				CODE_SIGN_STYLE = Automatic;
				CURRENT_PROJECT_VERSION = 1;
				DEFINES_MODULE = YES;
				DEVELOPMENT_TEAM = 3URXH2B4JL;
				DYLIB_COMPATIBILITY_VERSION = 1;
				DYLIB_CURRENT_VERSION = 1;
				DYLIB_INSTALL_NAME_BASE = "@rpath";
				FRAMEWORK_SEARCH_PATHS = (
					"$(inherited)",
					"$(PROJECT_DIR)/JJNetworkFramework",
					"$(PROJECT_DIR)/Carthage/Build/iOS",
				);
				GCC_C_LANGUAGE_STANDARD = gnu11;
				INFOPLIST_FILE = JJNetworkFramework/Info.plist;
				INSTALL_PATH = "$(LOCAL_LIBRARY_DIR)/Frameworks";
				IPHONEOS_DEPLOYMENT_TARGET = 8.0;
				LD_RUNPATH_SEARCH_PATHS = "$(inherited) @executable_path/Frameworks @loader_path/Frameworks";
				OTHER_LDFLAGS = "-all_load";
				PRODUCT_BUNDLE_IDENTIFIER = StockView.JJNetworkFramework;
				PRODUCT_MODULE_NAME = JJNetwork;
				PRODUCT_NAME = JJNetwork;
				SKIP_INSTALL = YES;
				TARGETED_DEVICE_FAMILY = "1,2";
				VERSIONING_SYSTEM = "apple-generic";
				VERSION_INFO_PREFIX = "";
			};
			name = Debug;
		};
		61B6CAF81FC2CAAB00910DEA /* Release */ = {
			isa = XCBuildConfiguration;
			buildSettings = {
				BITCODE_GENERATION_MODE = bitcode;
				CLANG_CXX_LANGUAGE_STANDARD = "gnu++14";
				CLANG_WARN_BLOCK_CAPTURE_AUTORELEASING = YES;
				CLANG_WARN_COMMA = YES;
				CLANG_WARN_NON_LITERAL_NULL_CONVERSION = YES;
				CLANG_WARN_OBJC_LITERAL_CONVERSION = YES;
				CLANG_WARN_RANGE_LOOP_ANALYSIS = YES;
				CLANG_WARN_STRICT_PROTOTYPES = YES;
				CLANG_WARN_UNGUARDED_AVAILABILITY = YES_AGGRESSIVE;
				CODE_SIGN_IDENTITY = "iPhone Developer";
				CODE_SIGN_STYLE = Automatic;
				CURRENT_PROJECT_VERSION = 1;
				DEFINES_MODULE = YES;
				DEVELOPMENT_TEAM = 3URXH2B4JL;
				DYLIB_COMPATIBILITY_VERSION = 1;
				DYLIB_CURRENT_VERSION = 1;
				DYLIB_INSTALL_NAME_BASE = "@rpath";
				FRAMEWORK_SEARCH_PATHS = (
					"$(inherited)",
					"$(PROJECT_DIR)/JJNetworkFramework",
					"$(PROJECT_DIR)/Carthage/Build/iOS",
				);
				GCC_C_LANGUAGE_STANDARD = gnu11;
				INFOPLIST_FILE = JJNetworkFramework/Info.plist;
				INSTALL_PATH = "$(LOCAL_LIBRARY_DIR)/Frameworks";
				IPHONEOS_DEPLOYMENT_TARGET = 8.0;
				LD_RUNPATH_SEARCH_PATHS = "$(inherited) @executable_path/Frameworks @loader_path/Frameworks";
				OTHER_LDFLAGS = "-all_load";
				PRODUCT_BUNDLE_IDENTIFIER = StockView.JJNetworkFramework;
				PRODUCT_MODULE_NAME = JJNetwork;
				PRODUCT_NAME = JJNetwork;
				SKIP_INSTALL = YES;
				TARGETED_DEVICE_FAMILY = "1,2";
				VERSIONING_SYSTEM = "apple-generic";
				VERSION_INFO_PREFIX = "";
			};
			name = Release;
		};
/* End XCBuildConfiguration section */

/* Begin XCConfigurationList section */
		616405701F2E159300CA819D /* Build configuration list for PBXProject "JJNetwork" */ = {
			isa = XCConfigurationList;
			buildConfigurations = (
				6164058A1F2E159400CA819D /* Debug */,
				6164058B1F2E159400CA819D /* Release */,
			);
			defaultConfigurationIsVisible = 0;
			defaultConfigurationName = Release;
		};
		6164058C1F2E159400CA819D /* Build configuration list for PBXNativeTarget "JJNetwork" */ = {
			isa = XCConfigurationList;
			buildConfigurations = (
				6164058D1F2E159400CA819D /* Debug */,
				6164058E1F2E159400CA819D /* Release */,
			);
			defaultConfigurationIsVisible = 0;
			defaultConfigurationName = Release;
		};
		61B6CAF91FC2CAAB00910DEA /* Build configuration list for PBXNativeTarget "JJNetworkFramework" */ = {
			isa = XCConfigurationList;
			buildConfigurations = (
				61B6CAF71FC2CAAB00910DEA /* Debug */,
				61B6CAF81FC2CAAB00910DEA /* Release */,
			);
			defaultConfigurationIsVisible = 0;
			defaultConfigurationName = Release;
		};
/* End XCConfigurationList section */
	};
	rootObject = 6164056D1F2E159300CA819D /* Project object */;
}
